
Microsoft Visual Studio Solution File, Format Version 12.00
# Visual Studio 15
VisualStudioVersion = 15.0.27703.2026
MinimumVisualStudioVersion = 10.0.40219.1
Project("{FAE04EC0-301F-11D3-BF4B-00C04F79EFBC}") = "App11.Android", "App11\App11.Android\App11.Android.csproj", "{FD083A50-C7FE-4435-9F31-5F09CE901ABB}"
EndProject
Project("{9A19103F-16F7-4668-BE54-9A1E7A4F7556}") = "App11", "App11\App11\App11.csproj", "{0C302C79-0BEB-4796-8D5B-78D876D6A09C}"
EndProject
Global
	GlobalSection(SolutionConfigurationPlatforms) = preSolution
		Debug|Any CPU = Debug|Any CPU
		Release|Any CPU = Release|Any CPU
	EndGlobalSection
	GlobalSection(ProjectConfigurationPlatforms) = postSolution
		{FD083A50-C7FE-4435-9F31-5F09CE901ABB}.Debug|Any CPU.ActiveCfg = Debug|Any CPU
		{FD083A50-C7FE-4435-9F31-5F09CE901ABB}.Debug|Any CPU.Build.0 = Debug|Any CPU
		{FD083A50-C7FE-4435-9F31-5F09CE901ABB}.Debug|Any CPU.Deploy.0 = Debug|Any CPU
		{FD083A50-C7FE-4435-9F31-5F09CE901ABB}.Release|Any CPU.ActiveCfg = Release|Any CPU
		{FD083A50-C7FE-4435-9F31-5F09CE901ABB}.Release|Any CPU.Build.0 = Release|Any CPU
		{FD083A50-C7FE-4435-9F31-5F09CE901ABB}.Release|Any CPU.Deploy.0 = Release|Any CPU
		{0C302C79-0BEB-4796-8D5B-78D876D6A09C}.Debug|Any CPU.ActiveCfg = Debug|Any CPU
		{0C302C79-0BEB-4796-8D5B-78D876D6A09C}.Debug|Any CPU.Build.0 = Debug|Any CPU
		{0C302C79-0BEB-4796-8D5B-78D876D6A09C}.Debug|Any CPU.Deploy.0 = Debug|Any CPU
		{0C302C79-0BEB-4796-8D5B-78D876D6A09C}.Release|Any CPU.ActiveCfg = Release|Any CPU
		{0C302C79-0BEB-4796-8D5B-78D876D6A09C}.Release|Any CPU.Build.0 = Release|Any CPU
		{0C302C79-0BEB-4796-8D5B-78D876D6A09C}.Release|Any CPU.Deploy.0 = Release|Any CPU
	EndGlobalSection
	GlobalSection(SolutionProperties) = preSolution
		HideSolutionNode = FALSE
	EndGlobalSection
	GlobalSection(ExtensibilityGlobals) = postSolution
		SolutionGuid = {7B3380A9-F91C-4957-B76A-D485FB80DA85}
	EndGlobalSection
EndGlobal
